
Microsoft Visual Studio Solution File, Format Version 12.00
# Visual Studio Version 17
VisualStudioVersion = 17.11.35327.3
MinimumVisualStudioVersion = 10.0.40219.1
Project("{9A19103F-16F7-4668-BE54-9A1E7A4F7556}") = "HermesHandling.Server", "HermesHandling.Server\HermesHandling.Server.csproj", "{6DC6A930-986F-49A6-B7CE-2362DC1727AA}"
EndProject
Project("{54A90642-561A-4BB1-A94E-469ADEE60C69}") = "hermeshandling.client", "hermeshandling.client\hermeshandling.client.esproj", "{74F241BF-5EA0-4A72-8742-B663D2C80FFA}"
EndProject
Project("{FAE04EC0-301F-11D3-BF4B-00C04F79EFBC}") = "HermesHandling.Data", "HermesHandling.Data\HermesHandling.Data.csproj", "{1992A80C-A95D-4A68-9D09-5E1094C33699}"
EndProject
Global
	GlobalSection(SolutionConfigurationPlatforms) = preSolution
		Debug|Any CPU = Debug|Any CPU
		Release|Any CPU = Release|Any CPU
	EndGlobalSection
	GlobalSection(ProjectConfigurationPlatforms) = postSolution
		{6DC6A930-986F-49A6-B7CE-2362DC1727AA}.Debug|Any CPU.ActiveCfg = Debug|Any CPU
		{6DC6A930-986F-49A6-B7CE-2362DC1727AA}.Debug|Any CPU.Build.0 = Debug|Any CPU
		{6DC6A930-986F-49A6-B7CE-2362DC1727AA}.Release|Any CPU.ActiveCfg = Release|Any CPU
		{6DC6A930-986F-49A6-B7CE-2362DC1727AA}.Release|Any CPU.Build.0 = Release|Any CPU
		{74F241BF-5EA0-4A72-8742-B663D2C80FFA}.Debug|Any CPU.ActiveCfg = Debug|Any CPU
		{74F241BF-5EA0-4A72-8742-B663D2C80FFA}.Debug|Any CPU.Build.0 = Debug|Any CPU
		{74F241BF-5EA0-4A72-8742-B663D2C80FFA}.Debug|Any CPU.Deploy.0 = Debug|Any CPU
		{74F241BF-5EA0-4A72-8742-B663D2C80FFA}.Release|Any CPU.ActiveCfg = Release|Any CPU
		{74F241BF-5EA0-4A72-8742-B663D2C80FFA}.Release|Any CPU.Build.0 = Release|Any CPU
		{74F241BF-5EA0-4A72-8742-B663D2C80FFA}.Release|Any CPU.Deploy.0 = Release|Any CPU
		{1992A80C-A95D-4A68-9D09-5E1094C33699}.Debug|Any CPU.ActiveCfg = Debug|Any CPU
		{1992A80C-A95D-4A68-9D09-5E1094C33699}.Debug|Any CPU.Build.0 = Debug|Any CPU
		{1992A80C-A95D-4A68-9D09-5E1094C33699}.Release|Any CPU.ActiveCfg = Release|Any CPU
		{1992A80C-A95D-4A68-9D09-5E1094C33699}.Release|Any CPU.Build.0 = Release|Any CPU
	EndGlobalSection
	GlobalSection(SolutionProperties) = preSolution
		HideSolutionNode = FALSE
	EndGlobalSection
	GlobalSection(ExtensibilityGlobals) = postSolution
		SolutionGuid = {C6991063-74AD-41E3-A5CD-D5F2DAB1E43E}
	EndGlobalSection
EndGlobal
